
Microsoft Visual Studio Solution File, Format Version 12.00
# Visual Studio 2013
VisualStudioVersion = 12.0.30324.0
MinimumVisualStudioVersion = 10.0.40219.1
Project("{FAE04EC0-301F-11D3-BF4B-00C04F79EFBC}") = "UniLuaSLTest", "UniLuaSLTest\UniLuaSLTest.csproj", "{18224E61-8639-4AC6-A044-502BB342AA9B}"
EndProject
Project("{FAE04EC0-301F-11D3-BF4B-00C04F79EFBC}") = "UniLuaSLTest.Web", "UniLuaSLTest.Web\UniLuaSLTest.Web.csproj", "{B932CF9F-0090-4FD6-BBBA-640904FF023A}"
EndProject
Project("{FAE04EC0-301F-11D3-BF4B-00C04F79EFBC}") = "UniLua", "UniLua\UniLua.csproj", "{EC5C0B09-8149-430D-83AA-4DAD1C169D3D}"
EndProject
Global
	GlobalSection(SolutionConfigurationPlatforms) = preSolution
		Debug|Any CPU = Debug|Any CPU
		Release|Any CPU = Release|Any CPU
	EndGlobalSection
	GlobalSection(ProjectConfigurationPlatforms) = postSolution
		{18224E61-8639-4AC6-A044-502BB342AA9B}.Debug|Any CPU.ActiveCfg = Debug|Any CPU
		{18224E61-8639-4AC6-A044-502BB342AA9B}.Debug|Any CPU.Build.0 = Debug|Any CPU
		{18224E61-8639-4AC6-A044-502BB342AA9B}.Release|Any CPU.ActiveCfg = Release|Any CPU
		{18224E61-8639-4AC6-A044-502BB342AA9B}.Release|Any CPU.Build.0 = Release|Any CPU
		{B932CF9F-0090-4FD6-BBBA-640904FF023A}.Debug|Any CPU.ActiveCfg = Debug|Any CPU
		{B932CF9F-0090-4FD6-BBBA-640904FF023A}.Debug|Any CPU.Build.0 = Debug|Any CPU
		{B932CF9F-0090-4FD6-BBBA-640904FF023A}.Release|Any CPU.ActiveCfg = Release|Any CPU
		{B932CF9F-0090-4FD6-BBBA-640904FF023A}.Release|Any CPU.Build.0 = Release|Any CPU
		{EC5C0B09-8149-430D-83AA-4DAD1C169D3D}.Debug|Any CPU.ActiveCfg = Debug|Any CPU
		{EC5C0B09-8149-430D-83AA-4DAD1C169D3D}.Debug|Any CPU.Build.0 = Debug|Any CPU
		{EC5C0B09-8149-430D-83AA-4DAD1C169D3D}.Release|Any CPU.ActiveCfg = Release|Any CPU
		{EC5C0B09-8149-430D-83AA-4DAD1C169D3D}.Release|Any CPU.Build.0 = Release|Any CPU
	EndGlobalSection
	GlobalSection(SolutionProperties) = preSolution
		HideSolutionNode = FALSE
	EndGlobalSection
EndGlobal
